
Microsoft Visual Studio Solution File, Format Version 12.00
# Visual Studio Version 17
VisualStudioVersion = 17.7.34221.43
MinimumVisualStudioVersion = 10.0.40219.1
Project("{9A19103F-16F7-4668-BE54-9A1E7A4F7556}") = "-02.01", "-02.011\-02.01.csproj", "{1FAD9107-425F-47CB-BB9F-DA4EC2C13504}"
EndProject
Global
	GlobalSection(SolutionConfigurationPlatforms) = preSolution
		Debug|Any CPU = Debug|Any CPU
		Release|Any CPU = Release|Any CPU
	EndGlobalSection
	GlobalSection(ProjectConfigurationPlatforms) = postSolution
		{1FAD9107-425F-47CB-BB9F-DA4EC2C13504}.Debug|Any CPU.ActiveCfg = Debug|Any CPU
		{1FAD9107-425F-47CB-BB9F-DA4EC2C13504}.Debug|Any CPU.Build.0 = Debug|Any CPU
		{1FAD9107-425F-47CB-BB9F-DA4EC2C13504}.Release|Any CPU.ActiveCfg = Release|Any CPU
		{1FAD9107-425F-47CB-BB9F-DA4EC2C13504}.Release|Any CPU.Build.0 = Release|Any CPU
	EndGlobalSection
	GlobalSection(SolutionProperties) = preSolution
		HideSolutionNode = FALSE
	EndGlobalSection
	GlobalSection(ExtensibilityGlobals) = postSolution
		SolutionGuid = {D360A396-9614-489E-AA7F-73033AA68D7F}
	EndGlobalSection
EndGlobal
